
Microsoft Visual Studio Solution File, Format Version 12.00
# Visual Studio Version 16
VisualStudioVersion = 16.0.31702.278
MinimumVisualStudioVersion = 10.0.40219.1
Project("{FAE04EC0-301F-11D3-BF4B-00C04F79EFBC}") = "DataExchangeSrv", "DataExchangeSrv\DataExchangeSrv.csproj", "{84CF79F0-5B2F-4B7A-B00F-40DBAF2A2EB3}"
EndProject
Global
	GlobalSection(SolutionConfigurationPlatforms) = preSolution
		Debug|Any CPU = Debug|Any CPU
		Release|Any CPU = Release|Any CPU
		Description = DataExchangeSRV
	EndGlobalSection
	GlobalSection(ProjectConfigurationPlatforms) = postSolution
		{84CF79F0-5B2F-4B7A-B00F-40DBAF2A2EB3}.Debug|Any CPU.ActiveCfg = Debug|Any CPU
		{84CF79F0-5B2F-4B7A-B00F-40DBAF2A2EB3}.Debug|Any CPU.Build.0 = Debug|Any CPU
		{84CF79F0-5B2F-4B7A-B00F-40DBAF2A2EB3}.Release|Any CPU.ActiveCfg = Release|Any CPU
		{84CF79F0-5B2F-4B7A-B00F-40DBAF2A2EB3}.Release|Any CPU.Build.0 = Release|Any CPU
	EndGlobalSection
	GlobalSection(SolutionProperties) = preSolution
		HideSolutionNode = FALSE
	EndGlobalSection
	GlobalSection(ExtensibilityGlobals) = postSolution
		SolutionGuid = {678029BB-76A5-4F05-B6B8-BA434BBF2DB5}
	EndGlobalSection
EndGlobal
